
Microsoft Visual Studio Solution File, Format Version 12.00
Project("{FAE04EC0-301F-11D3-BF4B-00C04F79EFBC}") = "Horse.Server", "Horse.Server\Horse.Server.csproj", "{9E79279E-EB6E-4C78-9E56-C4A6F883A57D}"
EndProject
Project("{FAE04EC0-301F-11D3-BF4B-00C04F79EFBC}") = "Horse.Core", "Horse.Core\Horse.Core.csproj", "{0326C738-81E5-4A7A-B6AD-CCC9F46F20C3}"
EndProject
Global
	GlobalSection(SolutionConfigurationPlatforms) = preSolution
		Debug|Any CPU = Debug|Any CPU
		Release|Any CPU = Release|Any CPU
	EndGlobalSection
	GlobalSection(ProjectConfigurationPlatforms) = postSolution
		{9E79279E-EB6E-4C78-9E56-C4A6F883A57D}.Debug|Any CPU.ActiveCfg = Debug|Any CPU
		{9E79279E-EB6E-4C78-9E56-C4A6F883A57D}.Debug|Any CPU.Build.0 = Debug|Any CPU
		{9E79279E-EB6E-4C78-9E56-C4A6F883A57D}.Release|Any CPU.ActiveCfg = Release|Any CPU
		{9E79279E-EB6E-4C78-9E56-C4A6F883A57D}.Release|Any CPU.Build.0 = Release|Any CPU
		{0326C738-81E5-4A7A-B6AD-CCC9F46F20C3}.Debug|Any CPU.ActiveCfg = Debug|Any CPU
		{0326C738-81E5-4A7A-B6AD-CCC9F46F20C3}.Debug|Any CPU.Build.0 = Debug|Any CPU
		{0326C738-81E5-4A7A-B6AD-CCC9F46F20C3}.Release|Any CPU.ActiveCfg = Release|Any CPU
		{0326C738-81E5-4A7A-B6AD-CCC9F46F20C3}.Release|Any CPU.Build.0 = Release|Any CPU
	EndGlobalSection
EndGlobal
